
Microsoft Visual Studio Solution File, Format Version 12.00
# Visual Studio Version 16
VisualStudioVersion = 16.0.29920.165
MinimumVisualStudioVersion = 10.0.40219.1
Project("{FAE04EC0-301F-11D3-BF4B-00C04F79EFBC}") = "GameOfLife", "GameOfLife\GameOfLife.csproj", "{37B371B7-D1D0-49CB-81A4-D98D2D04558F}"
EndProject
Global
	GlobalSection(SolutionConfigurationPlatforms) = preSolution
		Debug|Any CPU = Debug|Any CPU
		Release|Any CPU = Release|Any CPU
	EndGlobalSection
	GlobalSection(ProjectConfigurationPlatforms) = postSolution
		{37B371B7-D1D0-49CB-81A4-D98D2D04558F}.Debug|Any CPU.ActiveCfg = Debug|Any CPU
		{37B371B7-D1D0-49CB-81A4-D98D2D04558F}.Debug|Any CPU.Build.0 = Debug|Any CPU
		{37B371B7-D1D0-49CB-81A4-D98D2D04558F}.Release|Any CPU.ActiveCfg = Release|Any CPU
		{37B371B7-D1D0-49CB-81A4-D98D2D04558F}.Release|Any CPU.Build.0 = Release|Any CPU
	EndGlobalSection
	GlobalSection(SolutionProperties) = preSolution
		HideSolutionNode = FALSE
	EndGlobalSection
	GlobalSection(ExtensibilityGlobals) = postSolution
		SolutionGuid = {E147C3FC-7229-4C67-8722-F81CD05D6DA8}
	EndGlobalSection
EndGlobal
